# THIS IS AN AUTOGENERATED FILE. DO NOT EDIT THIS FILE DIRECTLY.
# yarn lockfile v1


"@hyperswarm/secret-stream@^6.0.0":
  version "6.2.0"
  resolved "https://registry.yarnpkg.com/@hyperswarm/secret-stream/-/secret-stream-6.2.0.tgz#954f1c3de854ae36640f3f28186ab37e231f4546"
  integrity sha512-eBoHJaw8KUNR1Zj8HzrlvZ+/RzSFXkZFBBovzgkso93D3DEVHrfP4ddhwbq7HQI8l5YnRYm4Obj+IsdX1PiT5w==
  dependencies:
    b4a "^1.1.0"
    hypercore-crypto "^3.3.1"
    noise-curve-ed "^2.0.1"
    noise-handshake "^3.0.2"
    sodium-secretstream "^1.1.0"
    sodium-universal "^4.0.0"
    streamx "^2.14.0"
    timeout-refresh "^2.0.0"

b4a@^1.0.1, b4a@^1.1.0, b4a@^1.1.1, b4a@^1.3.0, b4a@^1.3.1, b4a@^1.5.0, b4a@^1.5.3, b4a@^1.6.0, b4a@^1.6.1:
  version "1.6.4"
  resolved "https://registry.yarnpkg.com/b4a/-/b4a-1.6.4.tgz#ef1c1422cae5ce6535ec191baeed7567443f36c9"
  integrity sha512-fpWrvyVHEKyeEvbKZTVOeZF3VSKKWtJxFIxX/jaVPf+cLbGUSitjb49pHLqPV2BUNNZ0LcoeEGfE/YCpyDYHIw==

big-sparse-array@^1.0.3:
  version "1.0.3"
  resolved "https://registry.yarnpkg.com/big-sparse-array/-/big-sparse-array-1.0.3.tgz#03ca7264b9dced764c5fe07e46a7ea160c0d28f7"
  integrity sha512-6RjV/3mSZORlMdpUaQ6rUSpG637cZm0//E54YYGtQg1c1O+AbZP8UTdJ/TchsDZcTVLmyWZcseBfp2HBeXUXOQ==

blake2b-wasm@^2.4.0:
  version "2.4.0"
  resolved "https://registry.yarnpkg.com/blake2b-wasm/-/blake2b-wasm-2.4.0.tgz#9115649111edbbd87eb24ce7c04b427e4e2be5be"
  integrity sha512-S1kwmW2ZhZFFFOghcx73+ZajEfKBqhP82JMssxtLVMxlaPea1p9uoLiUZ5WYyHn0KddwbLc+0vh4wR0KBNoT5w==
  dependencies:
    b4a "^1.0.1"
    nanoassert "^2.0.0"

blake2b@^2.1.1:
  version "2.1.4"
  resolved "https://registry.yarnpkg.com/blake2b/-/blake2b-2.1.4.tgz#817d278526ddb4cd673bfb1af16d1ad61e393ba3"
  integrity sha512-AyBuuJNI64gIvwx13qiICz6H6hpmjvYS5DGkG6jbXMOT8Z3WUJ3V1X0FlhIoT1b/5JtHE3ki+xjtMvu1nn+t9A==
  dependencies:
    blake2b-wasm "^2.4.0"
    nanoassert "^2.0.0"

bogon@^1.0.0:
  version "1.1.0"
  resolved "https://registry.yarnpkg.com/bogon/-/bogon-1.1.0.tgz#14234260353d8f806c3a307202f66698f635d18b"
  integrity sha512-a6SnToksXHuUlgeMvI/txWmTcKz7c7iBa8f0HbXL4toN1Uza/CTQ4F7n9jSDX49TCpxv3KUP100q4sZfwLyLiw==
  dependencies:
    compact-encoding "^2.11.0"
    compact-encoding-net "^1.2.0"

chacha20-universal@^1.0.4:
  version "1.0.4"
  resolved "https://registry.yarnpkg.com/chacha20-universal/-/chacha20-universal-1.0.4.tgz#e8a33a386500b1ce5361b811ec5e81f1797883f5"
  integrity sha512-/IOxdWWNa7nRabfe7+oF+jVkGjlr2xUL4J8l/OvzZhj+c9RpMqoo3Dq+5nU1j/BflRV4BKnaQ4+4oH1yBpQG1Q==
  dependencies:
    nanoassert "^2.0.0"

compact-encoding-net@^1.0.1, compact-encoding-net@^1.2.0:
  version "1.2.0"
  resolved "https://registry.yarnpkg.com/compact-encoding-net/-/compact-encoding-net-1.2.0.tgz#19d2efd55df10f2ee793576fc4483bf6d2218743"
  integrity sha512-LVXpNpF7PGQeHRVVLGgYWzuVoYAaDZvKUsUxRioGfkotzvOh4AzoQF1HBH3zMNaSnx7gJXuUr3hkjnijaH/Eng==
  dependencies:
    compact-encoding "^2.4.1"

compact-encoding@^2.11.0, compact-encoding@^2.4.1, compact-encoding@^2.5.1:
  version "2.12.0"
  resolved "https://registry.yarnpkg.com/compact-encoding/-/compact-encoding-2.12.0.tgz#5afee33322e4382beb056b200f17f1433dba0237"
  integrity sha512-8eCZLmyBT4LtC90F/ekIqWos8Y7NaFxY75qa/SlSDVa95NVgMcibQb8z8MTeKb9zctemOJczSXMf5pwMqKjYEQ==
  dependencies:
    b4a "^1.3.0"

corestore@^6.9.0:
  version "6.9.0"
  resolved "https://registry.yarnpkg.com/corestore/-/corestore-6.9.0.tgz#9fa40cd26c43f2634b1b33babf4fbd6c4dc6ed0d"
  integrity sha512-auCRL91p9N/UG+g7o2Jau/vRhGOdagb0mG4OOOfrXekjvb6xobV1PtPY68hsg9tkfePomGNYvaUAYWimG7AFtw==
  dependencies:
    b4a "^1.3.1"
    hypercore "^10.12.0"
    hypercore-crypto "^3.2.1"
    hypercore-id-encoding "^1.1.0"
    read-write-mutexify "^2.1.0"
    ready-resource "^1.0.0"
    safety-catch "^1.0.1"
    sodium-universal "^4.0.0"
    xache "^1.1.0"

crc-native@^1.0.3:
  version "1.0.7"
  resolved "https://registry.yarnpkg.com/crc-native/-/crc-native-1.0.7.tgz#71172f54429099ad060f91408653cca70e0a0ff7"
  integrity sha512-BfjqzkyOHUp3g4xvfE8J1Sek4bg6zxGKq69lpiLvDkWz4UazNSAI8F9Tmr9sZmNASapxTwjQ6y1t8CLLTuM1pg==
  dependencies:
    napi-macros "^2.0.0"
    node-gyp-build "^4.2.3"

crc-universal@^1.0.2:
  version "1.0.4"
  resolved "https://registry.yarnpkg.com/crc-universal/-/crc-universal-1.0.4.tgz#8320b35d62ab30578de28232b904ef6113983b16"
  integrity sha512-CE9xWEI6Gd5V0Bdmj5NoWH3d7+EIe4zUpy1sv6uvKYznzsDP1vhiWsTBmL6q9IrH2P6RRshp+8AkhR4CMtY5Hg==
  optionalDependencies:
    crc-native "^1.0.3"

debugging-stream@^2.0.0:
  version "2.0.0"
  resolved "https://registry.yarnpkg.com/debugging-stream/-/debugging-stream-2.0.0.tgz#515cad5a35299cf4b4bc0afcbd69d52c809c84ce"
  integrity sha512-xwfl6wB/3xc553uwtGnSa94jFxnGOc02C0WU2Nmzwr80gzeqn1FX4VcbvoKIhe8L/lPq4BTQttAbrTN94uN8rA==
  dependencies:
    streamx "^2.12.4"

dht-rpc@^6.7.0:
  version "6.7.0"
  resolved "https://registry.yarnpkg.com/dht-rpc/-/dht-rpc-6.7.0.tgz#4f8feb374bc0b37515360813b881cf4191108b1c"
  integrity sha512-owzv0fEPFD+5xkkm5fpD9i1tRcpxY8SbAhM+JHnDlcICuNMaPWvzUI+2fg4su6YteKXlShshsAEGy//vfT7pHg==
  dependencies:
    b4a "^1.6.1"
    compact-encoding "^2.11.0"
    compact-encoding-net "^1.2.0"
    events "^3.3.0"
    fast-fifo "^1.1.0"
    kademlia-routing-table "^1.0.1"
    nat-sampler "^1.0.1"
    sodium-universal "^4.0.0"
    streamx "^2.13.2"
    time-ordered-set "^1.0.2"
    udx-native "^1.5.3"

events@^3.3.0:
  version "3.3.0"
  resolved "https://registry.yarnpkg.com/events/-/events-3.3.0.tgz#31a95ad0a924e2d2c419a813aeb2c4e878ea7400"
  integrity sha512-mQw+2fkQbALzQ7V0MY0IqdnXNOeTtP4r0lN9z7AAawCXgqea7bDii20AYrIBrFd/Hx0M2Ocz6S111CaFkUcb0Q==

fast-fifo@^1.1.0:
  version "1.3.0"
  resolved "https://registry.yarnpkg.com/fast-fifo/-/fast-fifo-1.3.0.tgz#03e381bcbfb29932d7c3afde6e15e83e05ab4d8b"
  integrity sha512-IgfweLvEpwyA4WgiQe9Nx6VV2QkML2NkvZnk1oKnIzXgXdWxuhF7zw4DvLTPZJn6PIUneiAXPF24QmoEqHTjyw==

flat-tree@^1.9.0:
  version "1.9.0"
  resolved "https://registry.yarnpkg.com/flat-tree/-/flat-tree-1.9.0.tgz#cdd9e9884b7fd1973a04709b694f75e47ee18b8c"
  integrity sha512-WRu5/q9fcdL9f7L6Ahq8fR153e5Zr5aU6plPHupN6JDWuvEJbMjrEQprge3/I7ytndHC6/GUNg5Rg8XEisuv5w==

fs-native-extensions@^1.1.0:
  version "1.2.2"
  resolved "https://registry.yarnpkg.com/fs-native-extensions/-/fs-native-extensions-1.2.2.tgz#8844211d91cbfd3a8f002d34d5c854b08267b191"
  integrity sha512-zpW4FsykyuKQqVIeXxi9J+6lPgg4PPyuegKS5nMSkb6oRwBsQga7wczKqi8vSjJ7K0TmNdQrCdF/7hOtjCqrpQ==
  dependencies:
    napi-macros "^2.0.0"
    node-gyp-build "^4.2.3"
    uv-errors "^1.0.1"

hypercore-crypto@^3.2.1, hypercore-crypto@^3.3.0, hypercore-crypto@^3.3.1:
  version "3.3.1"
  resolved "https://registry.yarnpkg.com/hypercore-crypto/-/hypercore-crypto-3.3.1.tgz#3bb2290045e9d44ee1bf5286158a3fad16d2406e"
  integrity sha512-Fo0ZBMDW3P7HFh58AQdxsVop0Xh0Bper4Pyl5Dpc+tvGos6je2ufJpeepaHaI0mNkKq4we1ikd47kTnx2XJd/w==
  dependencies:
    b4a "^1.1.0"
    compact-encoding "^2.5.1"
    sodium-universal "^4.0.0"

hypercore-id-encoding@^1.1.0:
  version "1.1.0"
  resolved "https://registry.yarnpkg.com/hypercore-id-encoding/-/hypercore-id-encoding-1.1.0.tgz#c92c6b469fcfa43a865ed497b2e326c872f96efc"
  integrity sha512-5Rg5y3dRs/UcClFniGOr0zrDINNOID3zEDmAmXx632jn0Zui8W8yE0mSXFa2/b7EaVB6bGxjK4G7yDYy1U0b6w==
  dependencies:
    b4a "^1.5.3"
    z32 "^1.0.0"

hypercore@^10.12.0:
  version "10.17.0"
  resolved "https://registry.yarnpkg.com/hypercore/-/hypercore-10.17.0.tgz#b4a83895e0c247e8b9fb6464b6ec60c735521f53"
  integrity sha512-Yp9lyfUjp81Gy1nPHemNFtYQtngliCGZ6prH+qxvjr2FPVG1QFtNqtOh+ZxFu4hXZ1dAOLYkQOA7Qq2vjFe64A==
  dependencies:
    "@hyperswarm/secret-stream" "^6.0.0"
    b4a "^1.1.0"
    big-sparse-array "^1.0.3"
    compact-encoding "^2.11.0"
    crc-universal "^1.0.2"
    events "^3.3.0"
    flat-tree "^1.9.0"
    hypercore-crypto "^3.2.1"
    is-options "^1.0.1"
    protomux "^3.4.0"
    quickbit-universal "^2.1.1"
    random-access-file "^4.0.0"
    random-array-iterator "^1.0.0"
    safety-catch "^1.0.1"
    sodium-universal "^4.0.0"
    streamx "^2.12.4"
    xache "^1.1.0"
    z32 "^1.0.0"

hyperdht@^6.6.0:
  version "6.6.1"
  resolved "https://registry.yarnpkg.com/hyperdht/-/hyperdht-6.6.1.tgz#ba297b0b8d9ce404926e704d7fdb1ed30fa44f0a"
  integrity sha512-ckt2aVN7jBEFSmRKEAn2Crskue/6vUMQ6jLMOasuQrbTk8gVP/93VcijBrda9D8SfHTw19HTK7TEfH1o8k49yA==
  dependencies:
    "@hyperswarm/secret-stream" "^6.0.0"
    b4a "^1.3.1"
    bogon "^1.0.0"
    compact-encoding "^2.4.1"
    compact-encoding-net "^1.0.1"
    debugging-stream "^2.0.0"
    dht-rpc "^6.7.0"
    events "^3.3.0"
    hypercore-crypto "^3.3.0"
    noise-curve-ed "^2.0.0"
    noise-handshake "^3.0.0"
    record-cache "^1.1.1"
    safety-catch "^1.0.1"
    sodium-universal "^4.0.0"
    xache "^1.1.0"

hyperswarm@^4.5.1:
  version "4.5.1"
  resolved "https://registry.yarnpkg.com/hyperswarm/-/hyperswarm-4.5.1.tgz#6a9bb80ad4c9593776bc3a7762780d6967a66316"
  integrity sha512-XfpupxUUml1sIH2wKSH4Cb4kHjzRpGkKl0zPE7lTOFYUUW50YM4e574prlhu/xcEPPP2e9n3GupPaku6PzWgsg==
  dependencies:
    b4a "^1.3.1"
    events "^3.3.0"
    hyperdht "^6.6.0"
    safety-catch "^1.0.2"
    shuffled-priority-queue "^2.1.0"

is-options@^1.0.1, is-options@^1.0.2:
  version "1.0.2"
  resolved "https://registry.yarnpkg.com/is-options/-/is-options-1.0.2.tgz#61dcfc1e8786c028a3adf919fa3b3cdb9fc30f81"
  integrity sha512-u+Ai74c8Q74aS8BuHwPdI1jptGOT1FQXgCq8/zv0xRuE+wRgSMEJLj8lVO8Zp9BeGb29BXY6AsNPinfqjkr7Fg==
  dependencies:
    b4a "^1.1.1"

kademlia-routing-table@^1.0.1:
  version "1.0.1"
  resolved "https://registry.yarnpkg.com/kademlia-routing-table/-/kademlia-routing-table-1.0.1.tgz#6f18416f612e885a8d4df128f04c490a90d772f6"
  integrity sha512-dKk19sC3/+kWhBIvOKCthxVV+JH0NrswSBq4sA4eOkkPMqQM1rRuOWte1WSKXeP8r9Nx4NuiH2gny3lMddJTpw==

nanoassert@^2.0.0:
  version "2.0.0"
  resolved "https://registry.yarnpkg.com/nanoassert/-/nanoassert-2.0.0.tgz#a05f86de6c7a51618038a620f88878ed1e490c09"
  integrity sha512-7vO7n28+aYO4J+8w96AzhmU8G+Y/xpPDJz/se19ICsqj/momRbb9mh9ZUtkoJ5X3nTnPdhEJyc0qnM6yAsHBaA==

napi-macros@^2.0.0:
  version "2.2.2"
  resolved "https://registry.yarnpkg.com/napi-macros/-/napi-macros-2.2.2.tgz#817fef20c3e0e40a963fbf7b37d1600bd0201044"
  integrity sha512-hmEVtAGYzVQpCKdbQea4skABsdXW4RUh5t5mJ2zzqowJS2OyXZTU1KhDVFhx+NlWZ4ap9mqR9TcDO3LTTttd+g==

nat-sampler@^1.0.1:
  version "1.0.1"
  resolved "https://registry.yarnpkg.com/nat-sampler/-/nat-sampler-1.0.1.tgz#2b68338ea6d4c139450cd971fd00a4ac1b33d923"
  integrity sha512-yQvyNN7xbqR8crTKk3U8gRgpcV1Az+vfCEijiHu9oHHsnIl8n3x+yXNHl42M6L3czGynAVoOT9TqBfS87gDdcw==

node-gyp-build@^4.2.3, node-gyp-build@^4.4.0, node-gyp-build@^4.6.0:
  version "4.6.0"
  resolved "https://registry.yarnpkg.com/node-gyp-build/-/node-gyp-build-4.6.0.tgz#0c52e4cbf54bbd28b709820ef7b6a3c2d6209055"
  integrity sha512-NTZVKn9IylLwUzaKjkas1e4u2DLNcV4rdYagA4PWdPwW87Bi7z+BznyKSRwS/761tV/lzCGXplWsiaMjLqP2zQ==

noise-curve-ed@^2.0.0, noise-curve-ed@^2.0.1:
  version "2.0.1"
  resolved "https://registry.yarnpkg.com/noise-curve-ed/-/noise-curve-ed-2.0.1.tgz#c07adb2dde8dfaffb90aa95be9a522f5ed661e6d"
  integrity sha512-8HMZ40Wmarg8RQjVemLrjB49JSL6eGeOD+tlzaQW5/p+hNPfHFEMC3UZZ57zUqUprMuz6GN+gsPExpz2DWL+iA==
  dependencies:
    b4a "^1.1.0"
    nanoassert "^2.0.0"
    sodium-universal "^4.0.0"

noise-handshake@^3.0.0, noise-handshake@^3.0.2:
  version "3.0.3"
  resolved "https://registry.yarnpkg.com/noise-handshake/-/noise-handshake-3.0.3.tgz#70595e376f5e1a5ef19e46d007b5712761b22c2a"
  integrity sha512-fRhxQLW7uZmLS059VXA79j8eMxoYPBg7gMGBKqLbuipagTmvUT6xW46DeMsf3Y7LA4fmB9n24s6Vv/a1Q+y8UQ==
  dependencies:
    b4a "^1.1.0"
    nanoassert "^2.0.0"
    sodium-universal "^4.0.0"

protomux@^3.4.0:
  version "3.5.0"
  resolved "https://registry.yarnpkg.com/protomux/-/protomux-3.5.0.tgz#2eaca7d6eac8735f5415f5f200a9c35f796a4e97"
  integrity sha512-IXxAhzRyvHU5blOILNzFg0AdiQ/R6adQ094RDWUFNOg82mp8ZwsvOkLICcl4sTnRqHUTh3B4tBsur06kGfhG8A==
  dependencies:
    b4a "^1.3.1"
    compact-encoding "^2.5.1"
    queue-tick "^1.0.0"
    safety-catch "^1.0.1"

queue-tick@^1.0.0, queue-tick@^1.0.1:
  version "1.0.1"
  resolved "https://registry.yarnpkg.com/queue-tick/-/queue-tick-1.0.1.tgz#f6f07ac82c1fd60f82e098b417a80e52f1f4c142"
  integrity sha512-kJt5qhMxoszgU/62PLP1CJytzd2NKetjSRnyuj31fDd3Rlcz3fzlFdFLD1SItunPwyqEOkca6GbV612BWfaBag==

quickbit-native@^2.1.3:
  version "2.1.5"
  resolved "https://registry.yarnpkg.com/quickbit-native/-/quickbit-native-2.1.5.tgz#8d8217eb5b0b2afc45dc3984253b9ea5618bc999"
  integrity sha512-8fpUjEjqsDoHZezYEbWemf2DCayE6i83GFeCUm6OjSrkole5zDVIgv7lEoE1By+d7wJQnDi1IMNto3xZoWwKmQ==
  dependencies:
    b4a "^1.6.0"
    napi-macros "^2.0.0"
    node-gyp-build "^4.2.3"

quickbit-universal@^2.1.1:
  version "2.1.2"
  resolved "https://registry.yarnpkg.com/quickbit-universal/-/quickbit-universal-2.1.2.tgz#dc3ff412685f61732f5d76ae66e76743702f5eba"
  integrity sha512-fPEQ5G9rWm5p0eaBMgTT6+YZ6Ftw2hHgPbZu/olFv/GfeH3lr4LwSL28MFo6L7My572O5fQOIVtngboVtwKU1Q==
  dependencies:
    b4a "^1.6.0"
    simdle-universal "^1.1.0"
  optionalDependencies:
    quickbit-native "^2.1.3"

random-access-file@^4.0.0:
  version "4.0.4"
  resolved "https://registry.yarnpkg.com/random-access-file/-/random-access-file-4.0.4.tgz#4412be4356a9287635a509540475155e103b8141"
  integrity sha512-1W21gZ8ne3RgPyTNpq8INr7feTY0+hPpV4X59yL9Miv5QiZV7U1QpRb/zEG2IuaojW9qVTeWBC19Ty0m0uqFBg==
  dependencies:
    random-access-storage "^3.0.0"
  optionalDependencies:
    fs-native-extensions "^1.1.0"

random-access-memory@^6.2.0:
  version "6.2.0"
  resolved "https://registry.yarnpkg.com/random-access-memory/-/random-access-memory-6.2.0.tgz#22683dc9a4cbe354a4c3f38f202c44e6c1387d7f"
  integrity sha512-5gRsd32lQd87tHM1ODkrBsvTnQ00GMw5KjeiSFWjEeTkv6E4zSTewUaHRxDbfk+lroRaunAEECGo/gNnq1T/HQ==
  dependencies:
    b4a "^1.6.0"
    is-options "^1.0.2"
    random-access-storage "^3.0.0"

random-access-storage@^3.0.0:
  version "3.0.1"
  resolved "https://registry.yarnpkg.com/random-access-storage/-/random-access-storage-3.0.1.tgz#db797939df97e16e69b2e07891696ac3295f132b"
  integrity sha512-raFoHJ/orMyur04GKrA+5ThOwhX9wICdqMDLqTM7bHEXPz7zi5MxLsLUaybxGu3b4mJTt8zhCpZHgjlu0x4wpg==
  dependencies:
    events "^3.3.0"
    queue-tick "^1.0.0"

random-array-iterator@^1.0.0:
  version "1.0.0"
  resolved "https://registry.yarnpkg.com/random-array-iterator/-/random-array-iterator-1.0.0.tgz#1081f8922d68d2817368c13028f858ec308e146b"
  integrity sha512-u7xCM93XqKEvPTP6xZp2ehttcAemKnh73oKNf1FvzuVCfpt6dILDt1Kxl1LeBjm2iNIeR49VGFhy4Iz3yOun+Q==

read-write-mutexify@^2.1.0:
  version "2.1.0"
  resolved "https://registry.yarnpkg.com/read-write-mutexify/-/read-write-mutexify-2.1.0.tgz#d8915be88863070d44a069163ef69007acd7c622"
  integrity sha512-fDw/p5/acI1ytVY1UbxEDma/ej1yJH/n9NcjS9YNzcE6sPBPWdlru3ydRa/UBowUg4zqOvNMD5SOGYJrlQ6MzQ==

ready-resource@^1.0.0:
  version "1.0.0"
  resolved "https://registry.yarnpkg.com/ready-resource/-/ready-resource-1.0.0.tgz#8c07ee72da72d530bd2fd6b834b3ff0b03bbaaba"
  integrity sha512-9/Oj3DXv+QxWinvVcxVVRXn9Jj4b9wssv0PvQh5bO+N/vzqo6kmScUNl+faWWMEu0rYMPa6Tvp50+rP5ujZvqg==

record-cache@^1.1.1:
  version "1.2.0"
  resolved "https://registry.yarnpkg.com/record-cache/-/record-cache-1.2.0.tgz#e601bc4f164d58330cc00055e27aa4682291c882"
  integrity sha512-kyy3HWCez2WrotaL3O4fTn0rsIdfRKOdQQcEJ9KpvmKmbffKVvwsloX063EgRUlpJIXHiDQFhJcTbZequ2uTZw==
  dependencies:
    b4a "^1.3.1"

safety-catch@^1.0.1, safety-catch@^1.0.2:
  version "1.0.2"
  resolved "https://registry.yarnpkg.com/safety-catch/-/safety-catch-1.0.2.tgz#d64cbd57fd601da91c356b6ab8902f3e449a7a4b"
  integrity sha512-C1UYVZ4dtbBxEtvOcpjBaaD27nP8MlvyAQEp2fOTOEe6pfUpk1cDUxij6BR1jZup6rSyUTaBBplK7LanskrULA==

sha256-universal@^1.1.0:
  version "1.2.1"
  resolved "https://registry.yarnpkg.com/sha256-universal/-/sha256-universal-1.2.1.tgz#051d92decce280cd6137d42d496eac88da942c0e"
  integrity sha512-ghn3muhdn1ailCQqqceNxRgkOeZSVfSE13RQWEg6njB+itsFzGVSJv+O//2hvNXZuxVIRyNzrgsZ37SPDdGJJw==
  dependencies:
    b4a "^1.0.1"
    sha256-wasm "^2.2.1"

sha256-wasm@^2.2.1:
  version "2.2.2"
  resolved "https://registry.yarnpkg.com/sha256-wasm/-/sha256-wasm-2.2.2.tgz#4940b6c9ba28f3f08b700efce587ef36d4d516d4"
  integrity sha512-qKSGARvao+JQlFiA+sjJZhJ/61gmW/3aNLblB2rsgIxDlDxsJPHo8a1seXj12oKtuHVgJSJJ7QEGBUYQN741lQ==
  dependencies:
    b4a "^1.0.1"
    nanoassert "^2.0.0"

sha512-universal@^1.1.0:
  version "1.2.1"
  resolved "https://registry.yarnpkg.com/sha512-universal/-/sha512-universal-1.2.1.tgz#829505a7586530515cc1a10b78815c99722c4df0"
  integrity sha512-kehYuigMoRkIngCv7rhgruLJNNHDnitGTBdkcYbCbooL8Cidj/bS78MDxByIjcc69M915WxcQTgZetZ1JbeQTQ==
  dependencies:
    b4a "^1.0.1"
    sha512-wasm "^2.3.1"

sha512-wasm@^2.3.1:
  version "2.3.4"
  resolved "https://registry.yarnpkg.com/sha512-wasm/-/sha512-wasm-2.3.4.tgz#b86b37112ff6d1fc3740f2484a6855f17a6e1300"
  integrity sha512-akWoxJPGCB3aZCrZ+fm6VIFhJ/p8idBv7AWGFng/CZIrQo51oQNsvDbTSRXWAzIiZJvpy16oIDiCCPqTe21sKg==
  dependencies:
    b4a "^1.0.1"
    nanoassert "^2.0.0"

shuffled-priority-queue@^2.1.0:
  version "2.1.0"
  resolved "https://registry.yarnpkg.com/shuffled-priority-queue/-/shuffled-priority-queue-2.1.0.tgz#432bf14dd90f7c4dd1705752d81aadf454fd3af6"
  integrity sha512-xhdh7fHyMsr0m/w2kDfRJuBFRS96b9l8ZPNWGaQ+PMvnUnZ/Eh+gJJ9NsHBd7P9k0399WYlCLzsy18EaMfyadA==
  dependencies:
    unordered-set "^2.0.1"

simdle-native@^1.1.1:
  version "1.1.3"
  resolved "https://registry.yarnpkg.com/simdle-native/-/simdle-native-1.1.3.tgz#b78fe499d0f28d1508e2bcb64daf406f077b34be"
  integrity sha512-KuD5YD9kyZ7kOEhPWNyQnL+NIGSmYnykjvQ6Yc4RBpJVYcl7bx4z9Jx3bODwVqNhOgbwXbZUOoFXol9/VG74EA==
  dependencies:
    b4a "^1.6.0"
    napi-macros "^2.0.0"
    node-gyp-build "^4.2.3"

simdle-universal@^1.1.0:
  version "1.1.2"
  resolved "https://registry.yarnpkg.com/simdle-universal/-/simdle-universal-1.1.2.tgz#ecc84434d0c5cd4e6a2557763cddc46ad557a301"
  integrity sha512-3n3w1bs+uwgHKQjt6arez83EywNlhZzYvNOhvAASTl/8KqNIcqr6aHyGt3JRlfuUC7iB0tomJRPlJ2cRGIpBzA==
  dependencies:
    b4a "^1.6.0"
  optionalDependencies:
    simdle-native "^1.1.1"

siphash24@^1.0.1:
  version "1.3.1"
  resolved "https://registry.yarnpkg.com/siphash24/-/siphash24-1.3.1.tgz#7f87fd2c5db88d8d46335a68f780f281641c8b22"
  integrity sha512-moemC3ZKiTzH29nbFo3Iw8fbemWWod4vNs/WgKbQ54oEs6mE6XVlguxvinYjB+UmaE0PThgyED9fUkWvirT8hA==
  dependencies:
    nanoassert "^2.0.0"

sodium-javascript@~0.8.0:
  version "0.8.0"
  resolved "https://registry.yarnpkg.com/sodium-javascript/-/sodium-javascript-0.8.0.tgz#0a94d7bb58ab17be82255f3949259af59778fdbc"
  integrity sha512-rEBzR5mPxPES+UjyMDvKPIXy9ImF17KOJ32nJNi9uIquWpS/nfj+h6m05J5yLJaGXjgM72LmQoUbWZVxh/rmGg==
  dependencies:
    blake2b "^2.1.1"
    chacha20-universal "^1.0.4"
    nanoassert "^2.0.0"
    sha256-universal "^1.1.0"
    sha512-universal "^1.1.0"
    siphash24 "^1.0.1"
    xsalsa20 "^1.0.0"

sodium-native@^4.0.0:
  version "4.0.4"
  resolved "https://registry.yarnpkg.com/sodium-native/-/sodium-native-4.0.4.tgz#561b7c39c97789f8202d6fd224845fe2e8cd6879"
  integrity sha512-faqOKw4WQKK7r/ybn6Lqo1F9+L5T6NlBJJYvpxbZPetpWylUVqz449mvlwIBKBqxEHbWakWuOlUt8J3Qpc4sWw==
  dependencies:
    node-gyp-build "^4.6.0"

sodium-secretstream@^1.1.0:
  version "1.1.0"
  resolved "https://registry.yarnpkg.com/sodium-secretstream/-/sodium-secretstream-1.1.0.tgz#25fec816cd9ae5e2d38d7511b88560debe39179a"
  integrity sha512-Qg7D2xomELDjDCWAmE4izk1aecG/il8pQIGmSWFaKgah/V58BVWG/PuSZF6vseTpcqnetIFGaOWzmPNzyTD50A==
  dependencies:
    b4a "^1.1.1"
    sodium-universal "^4.0.0"

sodium-universal@^4.0.0:
  version "4.0.0"
  resolved "https://registry.yarnpkg.com/sodium-universal/-/sodium-universal-4.0.0.tgz#0d7c81aee7a013e8a950f7bea8d8cfff369c2424"
  integrity sha512-iKHl8XnBV96k1c75gwwzANFdephw/MDWSjQAjPmBE+du0y3P23Q8uf7AcdcfFsYAMwLg7WVBfSAIBtV/JvRsjA==
  dependencies:
    blake2b "^2.1.1"
    chacha20-universal "^1.0.4"
    nanoassert "^2.0.0"
    sha256-universal "^1.1.0"
    sha512-universal "^1.1.0"
    siphash24 "^1.0.1"
    sodium-javascript "~0.8.0"
    sodium-native "^4.0.0"
    xsalsa20 "^1.0.0"

streamx@^2.12.4, streamx@^2.13.2, streamx@^2.14.0:
  version "2.15.0"
  resolved "https://registry.yarnpkg.com/streamx/-/streamx-2.15.0.tgz#f58c92e6f726b5390dcabd6dd9094d29a854d698"
  integrity sha512-HcxY6ncGjjklGs1xsP1aR71INYcsXFJet5CU1CHqihQ2J5nOsbd4OjgjHO42w/4QNv9gZb3BueV+Vxok5pLEXg==
  dependencies:
    fast-fifo "^1.1.0"
    queue-tick "^1.0.1"

time-ordered-set@^1.0.2:
  version "1.0.2"
  resolved "https://registry.yarnpkg.com/time-ordered-set/-/time-ordered-set-1.0.2.tgz#3bd931fc048234147f8c2b8b1ebbebb0a3ecb96f"
  integrity sha512-vGO99JkxvgX+u+LtOKQEpYf31Kj3i/GNwVstfnh4dyINakMgeZCpew1e3Aj+06hEslhtHEd52g7m5IV+o1K8Mw==

timeout-refresh@^2.0.0:
  version "2.0.1"
  resolved "https://registry.yarnpkg.com/timeout-refresh/-/timeout-refresh-2.0.1.tgz#f8ec7cf1f9d93b2635b7d4388cb820c5f6c16f98"
  integrity sha512-SVqEcMZBsZF9mA78rjzCrYrUs37LMJk3ShZ851ygZYW1cMeIjs9mL57KO6Iv5mmjSQnOe/29/VAfGXo+oRCiVw==

udx-native@^1.5.3:
  version "1.6.1"
  resolved "https://registry.yarnpkg.com/udx-native/-/udx-native-1.6.1.tgz#a0fea88f3a3743372583274928e6e515ff6e0705"
  integrity sha512-7DXF1SDHdOv8hvH8wbJ82c5i43F3F1Drj/k6JL0Rn9PQhtqfidw7z5fY+Y8uB7E5TQ7ZLLnaAav12CgXk8WCTg==
  dependencies:
    b4a "^1.5.0"
    events "^3.3.0"
    napi-macros "^2.0.0"
    node-gyp-build "^4.4.0"
    streamx "^2.14.0"

unordered-set@^2.0.1:
  version "2.0.1"
  resolved "https://registry.yarnpkg.com/unordered-set/-/unordered-set-2.0.1.tgz#4cd0fe27b8814bcf5d6073e5f0966ec7a50841e6"
  integrity sha512-eUmNTPzdx+q/WvOHW0bgGYLWvWHNT3PTKEQLg0MAQhc0AHASHVHoP/9YytYd4RBVariqno/mEUhVZN98CmD7bg==

uv-errors@^1.0.1:
  version "1.0.4"
  resolved "https://registry.yarnpkg.com/uv-errors/-/uv-errors-1.0.4.tgz#d6348e0d10ed8b2fdc777c952c54e7b10456f51a"
  integrity sha512-6hlu1s0O+t+PHEMgAIVb+JxOOIyc4RdYaKwtDNJNQp6R3uMMBjfrSYysHTVgX/o1QQ0tBucwm/pIAkiXEBLxTA==

xache@^1.1.0:
  version "1.1.0"
  resolved "https://registry.yarnpkg.com/xache/-/xache-1.1.0.tgz#afc20dec9ff8b2260eea03f5ad9422dc0200c6e9"
  integrity sha512-RQGZDHLy/uCvnIrAvaorZH/e6Dfrtxj16iVlGjkj4KD2/G/dNXNqhk5IdSucv5nSSnDK00y8Y/2csyRdHveJ+Q==

xsalsa20@^1.0.0:
  version "1.2.0"
  resolved "https://registry.yarnpkg.com/xsalsa20/-/xsalsa20-1.2.0.tgz#e5a05cb26f8cef723f94a559102ed50c1b44c25c"
  integrity sha512-FIr/DEeoHfj7ftfylnoFt3rAIRoWXpx2AoDfrT2qD2wtp7Dp+COajvs/Icb7uHqRW9m60f5iXZwdsJJO3kvb7w==

z32@^1.0.0:
  version "1.0.0"
  resolved "https://registry.yarnpkg.com/z32/-/z32-1.0.0.tgz#d87c4a8b7aaf3660ebded2ec98f076e4c8d906e9"
  integrity sha512-p3DhBJckAZj5XwYMJYeLlkgJJ+aEyCoOjTpK17I/MofVs70eR+WQPXQpk1LEmMweB2JbUx0naFXPPI2EGaVX6w==
  dependencies:
    b4a "^1.5.3"
